
Microsoft Visual Studio Solution File, Format Version 12.00
# Visual Studio Version 16
VisualStudioVersion = 16.0.32126.315
MinimumVisualStudioVersion = 10.0.40219.1
Project("{FAE04EC0-301F-11D3-BF4B-00C04F79EFBC}") = "BlankApp1", "BlankApp1\BlankApp1.csproj", "{60EF2660-5937-4B6F-A306-E771242634FC}"
EndProject
Project("{FAE04EC0-301F-11D3-BF4B-00C04F79EFBC}") = "BlankApp1.Android", "BlankApp1.Android\BlankApp1.Android.csproj", "{B995DB20-51B0-42EC-B7EF-F39316E25C67}"
EndProject
Project("{FAE04EC0-301F-11D3-BF4B-00C04F79EFBC}") = "BlankApp1.iOS", "BlankApp1.iOS\BlankApp1.iOS.csproj", "{A94F9F1F-BF3D-4E1C-AA76-908B69F1A894}"
EndProject
Project("{FAE04EC0-301F-11D3-BF4B-00C04F79EFBC}") = "BlankApp1.UWP", "BlankApp1.UWP\BlankApp1.UWP.csproj", "{6E698166-E9B6-4401-B040-AFD73FF609AB}"
EndProject
Global
	GlobalSection(SolutionConfigurationPlatforms) = preSolution
		Ad-Hoc|Any CPU = Ad-Hoc|Any CPU
		Ad-Hoc|ARM = Ad-Hoc|ARM
		Ad-Hoc|iPhone = Ad-Hoc|iPhone
		Ad-Hoc|iPhoneSimulator = Ad-Hoc|iPhoneSimulator
		Ad-Hoc|x64 = Ad-Hoc|x64
		Ad-Hoc|x86 = Ad-Hoc|x86
		AppStore|Any CPU = AppStore|Any CPU
		AppStore|ARM = AppStore|ARM
		AppStore|iPhone = AppStore|iPhone
		AppStore|iPhoneSimulator = AppStore|iPhoneSimulator
		AppStore|x64 = AppStore|x64
		AppStore|x86 = AppStore|x86
		Debug|Any CPU = Debug|Any CPU
		Debug|ARM = Debug|ARM
		Debug|iPhone = Debug|iPhone
		Debug|iPhoneSimulator = Debug|iPhoneSimulator
		Debug|x64 = Debug|x64
		Debug|x86 = Debug|x86
		Release|Any CPU = Release|Any CPU
		Release|ARM = Release|ARM
		Release|iPhone = Release|iPhone
		Release|iPhoneSimulator = Release|iPhoneSimulator
		Release|x64 = Release|x64
		Release|x86 = Release|x86
	EndGlobalSection
	GlobalSection(ProjectConfigurationPlatforms) = postSolution
		{60EF2660-5937-4B6F-A306-E771242634FC}.Ad-Hoc|Any CPU.ActiveCfg = Debug|Any CPU
		{60EF2660-5937-4B6F-A306-E771242634FC}.Ad-Hoc|Any CPU.Build.0 = Debug|Any CPU
		{60EF2660-5937-4B6F-A306-E771242634FC}.Ad-Hoc|ARM.ActiveCfg = Debug|Any CPU
		{60EF2660-5937-4B6F-A306-E771242634FC}.Ad-Hoc|ARM.Build.0 = Debug|Any CPU
		{60EF2660-5937-4B6F-A306-E771242634FC}.Ad-Hoc|iPhone.ActiveCfg = Debug|Any CPU
		{60EF2660-5937-4B6F-A306-E771242634FC}.Ad-Hoc|iPhone.Build.0 = Debug|Any CPU
		{60EF2660-5937-4B6F-A306-E771242634FC}.Ad-Hoc|iPhoneSimulator.ActiveCfg = Debug|Any CPU
		{60EF2660-5937-4B6F-A306-E771242634FC}.Ad-Hoc|iPhoneSimulator.Build.0 = Debug|Any CPU
		{60EF2660-5937-4B6F-A306-E771242634FC}.Ad-Hoc|x64.ActiveCfg = Debug|Any CPU
		{60EF2660-5937-4B6F-A306-E771242634FC}.Ad-Hoc|x64.Build.0 = Debug|Any CPU
		{60EF2660-5937-4B6F-A306-E771242634FC}.Ad-Hoc|x86.ActiveCfg = Debug|Any CPU
		{60EF2660-5937-4B6F-A306-E771242634FC}.Ad-Hoc|x86.Build.0 = Debug|Any CPU
		{60EF2660-5937-4B6F-A306-E771242634FC}.AppStore|Any CPU.ActiveCfg = Debug|Any CPU
		{60EF2660-5937-4B6F-A306-E771242634FC}.AppStore|Any CPU.Build.0 = Debug|Any CPU
		{60EF2660-5937-4B6F-A306-E771242634FC}.AppStore|ARM.ActiveCfg = Debug|Any CPU
		{60EF2660-5937-4B6F-A306-E771242634FC}.AppStore|ARM.Build.0 = Debug|Any CPU
		{60EF2660-5937-4B6F-A306-E771242634FC}.AppStore|iPhone.ActiveCfg = Debug|Any CPU
		{60EF2660-5937-4B6F-A306-E771242634FC}.AppStore|iPhone.Build.0 = Debug|Any CPU
		{60EF2660-5937-4B6F-A306-E771242634FC}.AppStore|iPhoneSimulator.ActiveCfg = Debug|Any CPU
		{60EF2660-5937-4B6F-A306-E771242634FC}.AppStore|iPhoneSimulator.Build.0 = Debug|Any CPU
		{60EF2660-5937-4B6F-A306-E771242634FC}.AppStore|x64.ActiveCfg = Debug|Any CPU
		{60EF2660-5937-4B6F-A306-E771242634FC}.AppStore|x64.Build.0 = Debug|Any CPU
		{60EF2660-5937-4B6F-A306-E771242634FC}.AppStore|x86.ActiveCfg = Debug|Any CPU
		{60EF2660-5937-4B6F-A306-E771242634FC}.AppStore|x86.Build.0 = Debug|Any CPU
		{60EF2660-5937-4B6F-A306-E771242634FC}.Debug|Any CPU.ActiveCfg = Debug|Any CPU
		{60EF2660-5937-4B6F-A306-E771242634FC}.Debug|Any CPU.Build.0 = Debug|Any CPU
		{60EF2660-5937-4B6F-A306-E771242634FC}.Debug|ARM.ActiveCfg = Debug|Any CPU
		{60EF2660-5937-4B6F-A306-E771242634FC}.Debug|ARM.Build.0 = Debug|Any CPU
		{60EF2660-5937-4B6F-A306-E771242634FC}.Debug|iPhone.ActiveCfg = Debug|Any CPU
		{60EF2660-5937-4B6F-A306-E771242634FC}.Debug|iPhone.Build.0 = Debug|Any CPU
		{60EF2660-5937-4B6F-A306-E771242634FC}.Debug|iPhoneSimulator.ActiveCfg = Debug|Any CPU
		{60EF2660-5937-4B6F-A306-E771242634FC}.Debug|iPhoneSimulator.Build.0 = Debug|Any CPU
		{60EF2660-5937-4B6F-A306-E771242634FC}.Debug|x64.ActiveCfg = Debug|Any CPU
		{60EF2660-5937-4B6F-A306-E771242634FC}.Debug|x64.Build.0 = Debug|Any CPU
		{60EF2660-5937-4B6F-A306-E771242634FC}.Debug|x86.ActiveCfg = Debug|Any CPU
		{60EF2660-5937-4B6F-A306-E771242634FC}.Debug|x86.Build.0 = Debug|Any CPU
		{60EF2660-5937-4B6F-A306-E771242634FC}.Release|Any CPU.ActiveCfg = Release|Any CPU
		{60EF2660-5937-4B6F-A306-E771242634FC}.Release|Any CPU.Build.0 = Release|Any CPU
		{60EF2660-5937-4B6F-A306-E771242634FC}.Release|ARM.ActiveCfg = Release|Any CPU
		{60EF2660-5937-4B6F-A306-E771242634FC}.Release|ARM.Build.0 = Release|Any CPU
		{60EF2660-5937-4B6F-A306-E771242634FC}.Release|iPhone.ActiveCfg = Release|Any CPU
		{60EF2660-5937-4B6F-A306-E771242634FC}.Release|iPhone.Build.0 = Release|Any CPU
		{60EF2660-5937-4B6F-A306-E771242634FC}.Release|iPhoneSimulator.ActiveCfg = Release|Any CPU
		{60EF2660-5937-4B6F-A306-E771242634FC}.Release|iPhoneSimulator.Build.0 = Release|Any CPU
		{60EF2660-5937-4B6F-A306-E771242634FC}.Release|x64.ActiveCfg = Release|Any CPU
		{60EF2660-5937-4B6F-A306-E771242634FC}.Release|x64.Build.0 = Release|Any CPU
		{60EF2660-5937-4B6F-A306-E771242634FC}.Release|x86.ActiveCfg = Release|Any CPU
		{60EF2660-5937-4B6F-A306-E771242634FC}.Release|x86.Build.0 = Release|Any CPU
		{B995DB20-51B0-42EC-B7EF-F39316E25C67}.Ad-Hoc|Any CPU.ActiveCfg = Debug|Any CPU
		{B995DB20-51B0-42EC-B7EF-F39316E25C67}.Ad-Hoc|Any CPU.Build.0 = Debug|Any CPU
		{B995DB20-51B0-42EC-B7EF-F39316E25C67}.Ad-Hoc|Any CPU.Deploy.0 = Debug|Any CPU
		{B995DB20-51B0-42EC-B7EF-F39316E25C67}.Ad-Hoc|ARM.ActiveCfg = Debug|Any CPU
		{B995DB20-51B0-42EC-B7EF-F39316E25C67}.Ad-Hoc|ARM.Build.0 = Debug|Any CPU
		{B995DB20-51B0-42EC-B7EF-F39316E25C67}.Ad-Hoc|ARM.Deploy.0 = Debug|Any CPU
		{B995DB20-51B0-42EC-B7EF-F39316E25C67}.Ad-Hoc|iPhone.ActiveCfg = Debug|Any CPU
		{B995DB20-51B0-42EC-B7EF-F39316E25C67}.Ad-Hoc|iPhone.Build.0 = Debug|Any CPU
		{B995DB20-51B0-42EC-B7EF-F39316E25C67}.Ad-Hoc|iPhone.Deploy.0 = Debug|Any CPU
		{B995DB20-51B0-42EC-B7EF-F39316E25C67}.Ad-Hoc|iPhoneSimulator.ActiveCfg = Debug|Any CPU
		{B995DB20-51B0-42EC-B7EF-F39316E25C67}.Ad-Hoc|iPhoneSimulator.Build.0 = Debug|Any CPU
		{B995DB20-51B0-42EC-B7EF-F39316E25C67}.Ad-Hoc|iPhoneSimulator.Deploy.0 = Debug|Any CPU
		{B995DB20-51B0-42EC-B7EF-F39316E25C67}.Ad-Hoc|x64.ActiveCfg = Debug|Any CPU
		{B995DB20-51B0-42EC-B7EF-F39316E25C67}.Ad-Hoc|x64.Build.0 = Debug|Any CPU
		{B995DB20-51B0-42EC-B7EF-F39316E25C67}.Ad-Hoc|x64.Deploy.0 = Debug|Any CPU
		{B995DB20-51B0-42EC-B7EF-F39316E25C67}.Ad-Hoc|x86.ActiveCfg = Debug|Any CPU
		{B995DB20-51B0-42EC-B7EF-F39316E25C67}.Ad-Hoc|x86.Build.0 = Debug|Any CPU
		{B995DB20-51B0-42EC-B7EF-F39316E25C67}.Ad-Hoc|x86.Deploy.0 = Debug|Any CPU
		{B995DB20-51B0-42EC-B7EF-F39316E25C67}.AppStore|Any CPU.ActiveCfg = Debug|Any CPU
		{B995DB20-51B0-42EC-B7EF-F39316E25C67}.AppStore|Any CPU.Build.0 = Debug|Any CPU
		{B995DB20-51B0-42EC-B7EF-F39316E25C67}.AppStore|Any CPU.Deploy.0 = Debug|Any CPU
		{B995DB20-51B0-42EC-B7EF-F39316E25C67}.AppStore|ARM.ActiveCfg = Debug|Any CPU
		{B995DB20-51B0-42EC-B7EF-F39316E25C67}.AppStore|ARM.Build.0 = Debug|Any CPU
		{B995DB20-51B0-42EC-B7EF-F39316E25C67}.AppStore|ARM.Deploy.0 = Debug|Any CPU
		{B995DB20-51B0-42EC-B7EF-F39316E25C67}.AppStore|iPhone.ActiveCfg = Debug|Any CPU
		{B995DB20-51B0-42EC-B7EF-F39316E25C67}.AppStore|iPhone.Build.0 = Debug|Any CPU
		{B995DB20-51B0-42EC-B7EF-F39316E25C67}.AppStore|iPhone.Deploy.0 = Debug|Any CPU
		{B995DB20-51B0-42EC-B7EF-F39316E25C67}.AppStore|iPhoneSimulator.ActiveCfg = Debug|Any CPU
		{B995DB20-51B0-42EC-B7EF-F39316E25C67}.AppStore|iPhoneSimulator.Build.0 = Debug|Any CPU
		{B995DB20-51B0-42EC-B7EF-F39316E25C67}.AppStore|iPhoneSimulator.Deploy.0 = Debug|Any CPU
		{B995DB20-51B0-42EC-B7EF-F39316E25C67}.AppStore|x64.ActiveCfg = Debug|Any CPU
		{B995DB20-51B0-42EC-B7EF-F39316E25C67}.AppStore|x64.Build.0 = Debug|Any CPU
		{B995DB20-51B0-42EC-B7EF-F39316E25C67}.AppStore|x64.Deploy.0 = Debug|Any CPU
		{B995DB20-51B0-42EC-B7EF-F39316E25C67}.AppStore|x86.ActiveCfg = Debug|Any CPU
		{B995DB20-51B0-42EC-B7EF-F39316E25C67}.AppStore|x86.Build.0 = Debug|Any CPU
		{B995DB20-51B0-42EC-B7EF-F39316E25C67}.AppStore|x86.Deploy.0 = Debug|Any CPU
		{B995DB20-51B0-42EC-B7EF-F39316E25C67}.Debug|Any CPU.ActiveCfg = Debug|Any CPU
		{B995DB20-51B0-42EC-B7EF-F39316E25C67}.Debug|Any CPU.Build.0 = Debug|Any CPU
		{B995DB20-51B0-42EC-B7EF-F39316E25C67}.Debug|Any CPU.Deploy.0 = Debug|Any CPU
		{B995DB20-51B0-42EC-B7EF-F39316E25C67}.Debug|ARM.ActiveCfg = Debug|Any CPU
		{B995DB20-51B0-42EC-B7EF-F39316E25C67}.Debug|ARM.Build.0 = Debug|Any CPU
		{B995DB20-51B0-42EC-B7EF-F39316E25C67}.Debug|ARM.Deploy.0 = Debug|Any CPU
		{B995DB20-51B0-42EC-B7EF-F39316E25C67}.Debug|iPhone.ActiveCfg = Debug|Any CPU
		{B995DB20-51B0-42EC-B7EF-F39316E25C67}.Debug|iPhone.Build.0 = Debug|Any CPU
		{B995DB20-51B0-42EC-B7EF-F39316E25C67}.Debug|iPhone.Deploy.0 = Debug|Any CPU
		{B995DB20-51B0-42EC-B7EF-F39316E25C67}.Debug|iPhoneSimulator.ActiveCfg = Debug|Any CPU
		{B995DB20-51B0-42EC-B7EF-F39316E25C67}.Debug|iPhoneSimulator.Build.0 = Debug|Any CPU
		{B995DB20-51B0-42EC-B7EF-F39316E25C67}.Debug|iPhoneSimulator.Deploy.0 = Debug|Any CPU
		{B995DB20-51B0-42EC-B7EF-F39316E25C67}.Debug|x64.ActiveCfg = Debug|Any CPU
		{B995DB20-51B0-42EC-B7EF-F39316E25C67}.Debug|x64.Build.0 = Debug|Any CPU
		{B995DB20-51B0-42EC-B7EF-F39316E25C67}.Debug|x64.Deploy.0 = Debug|Any CPU
		{B995DB20-51B0-42EC-B7EF-F39316E25C67}.Debug|x86.ActiveCfg = Debug|Any CPU
		{B995DB20-51B0-42EC-B7EF-F39316E25C67}.Debug|x86.Build.0 = Debug|Any CPU
		{B995DB20-51B0-42EC-B7EF-F39316E25C67}.Debug|x86.Deploy.0 = Debug|Any CPU
		{B995DB20-51B0-42EC-B7EF-F39316E25C67}.Release|Any CPU.ActiveCfg = Release|Any CPU
		{B995DB20-51B0-42EC-B7EF-F39316E25C67}.Release|Any CPU.Build.0 = Release|Any CPU
		{B995DB20-51B0-42EC-B7EF-F39316E25C67}.Release|Any CPU.Deploy.0 = Release|Any CPU
		{B995DB20-51B0-42EC-B7EF-F39316E25C67}.Release|ARM.ActiveCfg = Release|Any CPU
		{B995DB20-51B0-42EC-B7EF-F39316E25C67}.Release|ARM.Build.0 = Release|Any CPU
		{B995DB20-51B0-42EC-B7EF-F39316E25C67}.Release|ARM.Deploy.0 = Release|Any CPU
		{B995DB20-51B0-42EC-B7EF-F39316E25C67}.Release|iPhone.ActiveCfg = Release|Any CPU
		{B995DB20-51B0-42EC-B7EF-F39316E25C67}.Release|iPhone.Build.0 = Release|Any CPU
		{B995DB20-51B0-42EC-B7EF-F39316E25C67}.Release|iPhone.Deploy.0 = Release|Any CPU
		{B995DB20-51B0-42EC-B7EF-F39316E25C67}.Release|iPhoneSimulator.ActiveCfg = Release|Any CPU
		{B995DB20-51B0-42EC-B7EF-F39316E25C67}.Release|iPhoneSimulator.Build.0 = Release|Any CPU
		{B995DB20-51B0-42EC-B7EF-F39316E25C67}.Release|iPhoneSimulator.Deploy.0 = Release|Any CPU
		{B995DB20-51B0-42EC-B7EF-F39316E25C67}.Release|x64.ActiveCfg = Release|Any CPU
		{B995DB20-51B0-42EC-B7EF-F39316E25C67}.Release|x64.Build.0 = Release|Any CPU
		{B995DB20-51B0-42EC-B7EF-F39316E25C67}.Release|x64.Deploy.0 = Release|Any CPU
		{B995DB20-51B0-42EC-B7EF-F39316E25C67}.Release|x86.ActiveCfg = Release|Any CPU
		{B995DB20-51B0-42EC-B7EF-F39316E25C67}.Release|x86.Build.0 = Release|Any CPU
		{B995DB20-51B0-42EC-B7EF-F39316E25C67}.Release|x86.Deploy.0 = Release|Any CPU
		{A94F9F1F-BF3D-4E1C-AA76-908B69F1A894}.Ad-Hoc|Any CPU.ActiveCfg = Ad-Hoc|iPhoneSimulator
		{A94F9F1F-BF3D-4E1C-AA76-908B69F1A894}.Ad-Hoc|ARM.ActiveCfg = Ad-Hoc|iPhoneSimulator
		{A94F9F1F-BF3D-4E1C-AA76-908B69F1A894}.Ad-Hoc|iPhone.ActiveCfg = Ad-Hoc|iPhone
		{A94F9F1F-BF3D-4E1C-AA76-908B69F1A894}.Ad-Hoc|iPhone.Build.0 = Ad-Hoc|iPhone
		{A94F9F1F-BF3D-4E1C-AA76-908B69F1A894}.Ad-Hoc|iPhoneSimulator.ActiveCfg = Ad-Hoc|iPhoneSimulator
		{A94F9F1F-BF3D-4E1C-AA76-908B69F1A894}.Ad-Hoc|iPhoneSimulator.Build.0 = Ad-Hoc|iPhoneSimulator
		{A94F9F1F-BF3D-4E1C-AA76-908B69F1A894}.Ad-Hoc|x64.ActiveCfg = Ad-Hoc|iPhoneSimulator
		{A94F9F1F-BF3D-4E1C-AA76-908B69F1A894}.Ad-Hoc|x86.ActiveCfg = Ad-Hoc|iPhoneSimulator
		{A94F9F1F-BF3D-4E1C-AA76-908B69F1A894}.AppStore|Any CPU.ActiveCfg = AppStore|iPhoneSimulator
		{A94F9F1F-BF3D-4E1C-AA76-908B69F1A894}.AppStore|ARM.ActiveCfg = AppStore|iPhoneSimulator
		{A94F9F1F-BF3D-4E1C-AA76-908B69F1A894}.AppStore|iPhone.ActiveCfg = AppStore|iPhone
		{A94F9F1F-BF3D-4E1C-AA76-908B69F1A894}.AppStore|iPhone.Build.0 = AppStore|iPhone
		{A94F9F1F-BF3D-4E1C-AA76-908B69F1A894}.AppStore|iPhoneSimulator.ActiveCfg = AppStore|iPhoneSimulator
		{A94F9F1F-BF3D-4E1C-AA76-908B69F1A894}.AppStore|iPhoneSimulator.Build.0 = AppStore|iPhoneSimulator
		{A94F9F1F-BF3D-4E1C-AA76-908B69F1A894}.AppStore|x64.ActiveCfg = AppStore|iPhoneSimulator
		{A94F9F1F-BF3D-4E1C-AA76-908B69F1A894}.AppStore|x86.ActiveCfg = AppStore|iPhoneSimulator
		{A94F9F1F-BF3D-4E1C-AA76-908B69F1A894}.Debug|Any CPU.ActiveCfg = Debug|iPhoneSimulator
		{A94F9F1F-BF3D-4E1C-AA76-908B69F1A894}.Debug|ARM.ActiveCfg = Debug|iPhoneSimulator
		{A94F9F1F-BF3D-4E1C-AA76-908B69F1A894}.Debug|iPhone.ActiveCfg = Debug|iPhone
		{A94F9F1F-BF3D-4E1C-AA76-908B69F1A894}.Debug|iPhone.Build.0 = Debug|iPhone
		{A94F9F1F-BF3D-4E1C-AA76-908B69F1A894}.Debug|iPhoneSimulator.ActiveCfg = Debug|iPhoneSimulator
		{A94F9F1F-BF3D-4E1C-AA76-908B69F1A894}.Debug|iPhoneSimulator.Build.0 = Debug|iPhoneSimulator
		{A94F9F1F-BF3D-4E1C-AA76-908B69F1A894}.Debug|x64.ActiveCfg = Debug|iPhoneSimulator
		{A94F9F1F-BF3D-4E1C-AA76-908B69F1A894}.Debug|x86.ActiveCfg = Debug|iPhoneSimulator
		{A94F9F1F-BF3D-4E1C-AA76-908B69F1A894}.Release|Any CPU.ActiveCfg = Release|iPhoneSimulator
		{A94F9F1F-BF3D-4E1C-AA76-908B69F1A894}.Release|ARM.ActiveCfg = Release|iPhoneSimulator
		{A94F9F1F-BF3D-4E1C-AA76-908B69F1A894}.Release|iPhone.ActiveCfg = Release|iPhone
		{A94F9F1F-BF3D-4E1C-AA76-908B69F1A894}.Release|iPhone.Build.0 = Release|iPhone
		{A94F9F1F-BF3D-4E1C-AA76-908B69F1A894}.Release|iPhoneSimulator.ActiveCfg = Release|iPhoneSimulator
		{A94F9F1F-BF3D-4E1C-AA76-908B69F1A894}.Release|iPhoneSimulator.Build.0 = Release|iPhoneSimulator
		{A94F9F1F-BF3D-4E1C-AA76-908B69F1A894}.Release|x64.ActiveCfg = Release|iPhoneSimulator
		{A94F9F1F-BF3D-4E1C-AA76-908B69F1A894}.Release|x86.ActiveCfg = Release|iPhoneSimulator
		{6E698166-E9B6-4401-B040-AFD73FF609AB}.Ad-Hoc|Any CPU.ActiveCfg = Debug|ARM
		{6E698166-E9B6-4401-B040-AFD73FF609AB}.Ad-Hoc|Any CPU.Build.0 = Debug|ARM
		{6E698166-E9B6-4401-B040-AFD73FF609AB}.Ad-Hoc|Any CPU.Deploy.0 = Debug|ARM
		{6E698166-E9B6-4401-B040-AFD73FF609AB}.Ad-Hoc|ARM.ActiveCfg = Debug|ARM
		{6E698166-E9B6-4401-B040-AFD73FF609AB}.Ad-Hoc|ARM.Build.0 = Debug|ARM
		{6E698166-E9B6-4401-B040-AFD73FF609AB}.Ad-Hoc|ARM.Deploy.0 = Debug|ARM
		{6E698166-E9B6-4401-B040-AFD73FF609AB}.Ad-Hoc|iPhone.ActiveCfg = Debug|ARM
		{6E698166-E9B6-4401-B040-AFD73FF609AB}.Ad-Hoc|iPhone.Build.0 = Debug|ARM
		{6E698166-E9B6-4401-B040-AFD73FF609AB}.Ad-Hoc|iPhone.Deploy.0 = Debug|ARM
		{6E698166-E9B6-4401-B040-AFD73FF609AB}.Ad-Hoc|iPhoneSimulator.ActiveCfg = Debug|ARM
		{6E698166-E9B6-4401-B040-AFD73FF609AB}.Ad-Hoc|iPhoneSimulator.Build.0 = Debug|ARM
		{6E698166-E9B6-4401-B040-AFD73FF609AB}.Ad-Hoc|iPhoneSimulator.Deploy.0 = Debug|ARM
		{6E698166-E9B6-4401-B040-AFD73FF609AB}.Ad-Hoc|x64.ActiveCfg = Debug|x64
		{6E698166-E9B6-4401-B040-AFD73FF609AB}.Ad-Hoc|x64.Build.0 = Debug|x64
		{6E698166-E9B6-4401-B040-AFD73FF609AB}.Ad-Hoc|x64.Deploy.0 = Debug|x64
		{6E698166-E9B6-4401-B040-AFD73FF609AB}.Ad-Hoc|x86.ActiveCfg = Debug|x86
		{6E698166-E9B6-4401-B040-AFD73FF609AB}.Ad-Hoc|x86.Build.0 = Debug|x86
		{6E698166-E9B6-4401-B040-AFD73FF609AB}.Ad-Hoc|x86.Deploy.0 = Debug|x86
		{6E698166-E9B6-4401-B040-AFD73FF609AB}.AppStore|Any CPU.ActiveCfg = Debug|ARM
		{6E698166-E9B6-4401-B040-AFD73FF609AB}.AppStore|Any CPU.Build.0 = Debug|ARM
		{6E698166-E9B6-4401-B040-AFD73FF609AB}.AppStore|Any CPU.Deploy.0 = Debug|ARM
		{6E698166-E9B6-4401-B040-AFD73FF609AB}.AppStore|ARM.ActiveCfg = Debug|ARM
		{6E698166-E9B6-4401-B040-AFD73FF609AB}.AppStore|ARM.Build.0 = Debug|ARM
		{6E698166-E9B6-4401-B040-AFD73FF609AB}.AppStore|ARM.Deploy.0 = Debug|ARM
		{6E698166-E9B6-4401-B040-AFD73FF609AB}.AppStore|iPhone.ActiveCfg = Debug|ARM
		{6E698166-E9B6-4401-B040-AFD73FF609AB}.AppStore|iPhone.Build.0 = Debug|ARM
		{6E698166-E9B6-4401-B040-AFD73FF609AB}.AppStore|iPhone.Deploy.0 = Debug|ARM
		{6E698166-E9B6-4401-B040-AFD73FF609AB}.AppStore|iPhoneSimulator.ActiveCfg = Debug|ARM
		{6E698166-E9B6-4401-B040-AFD73FF609AB}.AppStore|iPhoneSimulator.Build.0 = Debug|ARM
		{6E698166-E9B6-4401-B040-AFD73FF609AB}.AppStore|iPhoneSimulator.Deploy.0 = Debug|ARM
		{6E698166-E9B6-4401-B040-AFD73FF609AB}.AppStore|x64.ActiveCfg = Debug|x64
		{6E698166-E9B6-4401-B040-AFD73FF609AB}.AppStore|x64.Build.0 = Debug|x64
		{6E698166-E9B6-4401-B040-AFD73FF609AB}.AppStore|x64.Deploy.0 = Debug|x64
		{6E698166-E9B6-4401-B040-AFD73FF609AB}.AppStore|x86.ActiveCfg = Debug|x86
		{6E698166-E9B6-4401-B040-AFD73FF609AB}.AppStore|x86.Build.0 = Debug|x86
		{6E698166-E9B6-4401-B040-AFD73FF609AB}.AppStore|x86.Deploy.0 = Debug|x86
		{6E698166-E9B6-4401-B040-AFD73FF609AB}.Debug|Any CPU.ActiveCfg = Debug|x86
		{6E698166-E9B6-4401-B040-AFD73FF609AB}.Debug|Any CPU.Build.0 = Debug|x86
		{6E698166-E9B6-4401-B040-AFD73FF609AB}.Debug|Any CPU.Deploy.0 = Debug|x86
		{6E698166-E9B6-4401-B040-AFD73FF609AB}.Debug|ARM.ActiveCfg = Debug|ARM
		{6E698166-E9B6-4401-B040-AFD73FF609AB}.Debug|ARM.Build.0 = Debug|ARM
		{6E698166-E9B6-4401-B040-AFD73FF609AB}.Debug|ARM.Deploy.0 = Debug|ARM
		{6E698166-E9B6-4401-B040-AFD73FF609AB}.Debug|iPhone.ActiveCfg = Debug|x86
		{6E698166-E9B6-4401-B040-AFD73FF609AB}.Debug|iPhoneSimulator.ActiveCfg = Debug|x86
		{6E698166-E9B6-4401-B040-AFD73FF609AB}.Debug|x64.ActiveCfg = Debug|x64
		{6E698166-E9B6-4401-B040-AFD73FF609AB}.Debug|x64.Build.0 = Debug|x64
		{6E698166-E9B6-4401-B040-AFD73FF609AB}.Debug|x64.Deploy.0 = Debug|x64
		{6E698166-E9B6-4401-B040-AFD73FF609AB}.Debug|x86.ActiveCfg = Debug|x86
		{6E698166-E9B6-4401-B040-AFD73FF609AB}.Debug|x86.Build.0 = Debug|x86
		{6E698166-E9B6-4401-B040-AFD73FF609AB}.Debug|x86.Deploy.0 = Debug|x86
		{6E698166-E9B6-4401-B040-AFD73FF609AB}.Release|Any CPU.ActiveCfg = Release|x86
		{6E698166-E9B6-4401-B040-AFD73FF609AB}.Release|ARM.ActiveCfg = Release|ARM
		{6E698166-E9B6-4401-B040-AFD73FF609AB}.Release|ARM.Build.0 = Release|ARM
		{6E698166-E9B6-4401-B040-AFD73FF609AB}.Release|ARM.Deploy.0 = Release|ARM
		{6E698166-E9B6-4401-B040-AFD73FF609AB}.Release|iPhone.ActiveCfg = Release|x86
		{6E698166-E9B6-4401-B040-AFD73FF609AB}.Release|iPhoneSimulator.ActiveCfg = Release|x86
		{6E698166-E9B6-4401-B040-AFD73FF609AB}.Release|x64.ActiveCfg = Release|x64
		{6E698166-E9B6-4401-B040-AFD73FF609AB}.Release|x64.Build.0 = Release|x64
		{6E698166-E9B6-4401-B040-AFD73FF609AB}.Release|x64.Deploy.0 = Release|x64
		{6E698166-E9B6-4401-B040-AFD73FF609AB}.Release|x86.ActiveCfg = Release|x86
		{6E698166-E9B6-4401-B040-AFD73FF609AB}.Release|x86.Build.0 = Release|x86
		{6E698166-E9B6-4401-B040-AFD73FF609AB}.Release|x86.Deploy.0 = Release|x86
	EndGlobalSection
	GlobalSection(SolutionProperties) = preSolution
		HideSolutionNode = FALSE
	EndGlobalSection
	GlobalSection(ExtensibilityGlobals) = postSolution
		SolutionGuid = {1B01AABC-BB5E-4F2F-BEAD-0F523903C646}
	EndGlobalSection
EndGlobal
